
Microsoft Visual Studio Solution File, Format Version 12.00
# Visual Studio Version 16
VisualStudioVersion = 16.0.29709.97
MinimumVisualStudioVersion = 10.0.40219.1
Project("{FAE04EC0-301F-11D3-BF4B-00C04F79EFBC}") = "LearningAsyncUnderMVC", "LearningAsyncUnderMVC\LearningAsyncUnderMVC.csproj", "{4F8D2356-4EF5-4A2D-A186-CB25A7110B22}"
EndProject
Project("{FAE04EC0-301F-11D3-BF4B-00C04F79EFBC}") = "LearningAsync.Models", "LearningAsync.Models\LearningAsync.Models.csproj", "{132A1290-87EC-4D52-81C7-EBDE52D5B05E}"
EndProject
Project("{FAE04EC0-301F-11D3-BF4B-00C04F79EFBC}") = "LearningAsync.Repository", "LearningAsync.Repository\LearningAsync.Repository.csproj", "{539474D7-C1DE-4444-BC91-C344220C9007}"
EndProject
Project("{FAE04EC0-301F-11D3-BF4B-00C04F79EFBC}") = "LearningAsync.Services", "LearningAsync.Services\LearningAsync.Services.csproj", "{5CD118E1-55BF-4AE0-99D7-40F35A52CD4C}"
EndProject
Global
	GlobalSection(SolutionConfigurationPlatforms) = preSolution
		Debug|Any CPU = Debug|Any CPU
		Release|Any CPU = Release|Any CPU
	EndGlobalSection
	GlobalSection(ProjectConfigurationPlatforms) = postSolution
		{4F8D2356-4EF5-4A2D-A186-CB25A7110B22}.Debug|Any CPU.ActiveCfg = Debug|Any CPU
		{4F8D2356-4EF5-4A2D-A186-CB25A7110B22}.Debug|Any CPU.Build.0 = Debug|Any CPU
		{4F8D2356-4EF5-4A2D-A186-CB25A7110B22}.Release|Any CPU.ActiveCfg = Release|Any CPU
		{4F8D2356-4EF5-4A2D-A186-CB25A7110B22}.Release|Any CPU.Build.0 = Release|Any CPU
		{132A1290-87EC-4D52-81C7-EBDE52D5B05E}.Debug|Any CPU.ActiveCfg = Debug|Any CPU
		{132A1290-87EC-4D52-81C7-EBDE52D5B05E}.Debug|Any CPU.Build.0 = Debug|Any CPU
		{132A1290-87EC-4D52-81C7-EBDE52D5B05E}.Release|Any CPU.ActiveCfg = Release|Any CPU
		{132A1290-87EC-4D52-81C7-EBDE52D5B05E}.Release|Any CPU.Build.0 = Release|Any CPU
		{539474D7-C1DE-4444-BC91-C344220C9007}.Debug|Any CPU.ActiveCfg = Debug|Any CPU
		{539474D7-C1DE-4444-BC91-C344220C9007}.Debug|Any CPU.Build.0 = Debug|Any CPU
		{539474D7-C1DE-4444-BC91-C344220C9007}.Release|Any CPU.ActiveCfg = Release|Any CPU
		{539474D7-C1DE-4444-BC91-C344220C9007}.Release|Any CPU.Build.0 = Release|Any CPU
		{5CD118E1-55BF-4AE0-99D7-40F35A52CD4C}.Debug|Any CPU.ActiveCfg = Debug|Any CPU
		{5CD118E1-55BF-4AE0-99D7-40F35A52CD4C}.Debug|Any CPU.Build.0 = Debug|Any CPU
		{5CD118E1-55BF-4AE0-99D7-40F35A52CD4C}.Release|Any CPU.ActiveCfg = Release|Any CPU
		{5CD118E1-55BF-4AE0-99D7-40F35A52CD4C}.Release|Any CPU.Build.0 = Release|Any CPU
	EndGlobalSection
	GlobalSection(SolutionProperties) = preSolution
		HideSolutionNode = FALSE
	EndGlobalSection
	GlobalSection(ExtensibilityGlobals) = postSolution
		SolutionGuid = {75C9D22E-4E1B-4710-A47A-164B6D9138AA}
	EndGlobalSection
EndGlobal
